// !$*UTF8*$!
{
	archiveVersion = 1;
	classes = {
	};
	objectVersion = 46;
	objects = {

/* Begin PBXBuildFile section */
		433266E41EE05979002641B2 /* AppDelegate.swift in Sources */ = {isa = PBXBuildFile; fileRef = 433266E31EE05979002641B2 /* AppDelegate.swift */; };
		433266E61EE05979002641B2 /* ViewController.swift in Sources */ = {isa = PBXBuildFile; fileRef = 433266E51EE05979002641B2 /* ViewController.swift */; };
		433266E81EE05979002641B2 /* Assets.xcassets in Resources */ = {isa = PBXBuildFile; fileRef = 433266E71EE05979002641B2 /* Assets.xcassets */; };
		433266EB1EE05979002641B2 /* Main.storyboard in Resources */ = {isa = PBXBuildFile; fileRef = 433266E91EE05979002641B2 /* Main.storyboard */; };
		43DBAEC21EE207D8007307AD /* CoreBluetooth.framework in Frameworks */ = {isa = PBXBuildFile; fileRef = 43DBAEC11EE207D8007307AD /* CoreBluetooth.framework */; };
/* End PBXBuildFile section */

/* Begin PBXFileReference section */
		433266E01EE05979002641B2 /* BluetoothTransmitter.app */ = {isa = PBXFileReference; explicitFileType = wrapper.application; includeInIndex = 0; path = BluetoothTransmitter.app; sourceTree = BUILT_PRODUCTS_DIR; };
		433266E31EE05979002641B2 /* AppDelegate.swift */ = {isa = PBXFileReference; lastKnownFileType = sourcecode.swift; path = AppDelegate.swift; sourceTree = "<group>"; };
		433266E51EE05979002641B2 /* ViewController.swift */ = {isa = PBXFileReference; lastKnownFileType = sourcecode.swift; path = ViewController.swift; sourceTree = "<group>"; };
		433266E71EE05979002641B2 /* Assets.xcassets */ = {isa = PBXFileReference; lastKnownFileType = folder.assetcatalog; path = Assets.xcassets; sourceTree = "<group>"; };
		433266EA1EE05979002641B2 /* Base */ = {isa = PBXFileReference; lastKnownFileType = file.storyboard; name = Base; path = Base.lproj/Main.storyboard; sourceTree = "<group>"; };
		433266EC1EE05979002641B2 /* Info.plist */ = {isa = PBXFileReference; lastKnownFileType = text.plist.xml; path = Info.plist; sourceTree = "<group>"; };
		43DBAEC11EE207D8007307AD /* CoreBluetooth.framework */ = {isa = PBXFileReference; lastKnownFileType = wrapper.framework; name = CoreBluetooth.framework; path = System/Library/Frameworks/CoreBluetooth.framework; sourceTree = SDKROOT; };
/* End PBXFileReference section */

/* Begin PBXFrameworksBuildPhase section */
		433266DD1EE05979002641B2 /* Frameworks */ = {
			isa = PBXFrameworksBuildPhase;
			buildActionMask = 2147483647;
			files = (
				43DBAEC21EE207D8007307AD /* CoreBluetooth.framework in Frameworks */,
			);
			runOnlyForDeploymentPostprocessing = 0;
		};
/* End PBXFrameworksBuildPhase section */

/* Begin PBXGroup section */
		433266D71EE05979002641B2 = {
			isa = PBXGroup;
			children = (
				433266E21EE05979002641B2 /* BluetoothTransmitter */,
				433266E11EE05979002641B2 /* Products */,
				43DBAEC01EE207D8007307AD /* Frameworks */,
			);
			sourceTree = "<group>";
		};
		433266E11EE05979002641B2 /* Products */ = {
			isa = PBXGroup;
			children = (
				433266E01EE05979002641B2 /* BluetoothTransmitter.app */,
			);
			name = Products;
			sourceTree = "<group>";
		};
		433266E21EE05979002641B2 /* BluetoothTransmitter */ = {
			isa = PBXGroup;
			children = (
				433266E31EE05979002641B2 /* AppDelegate.swift */,
				433266E51EE05979002641B2 /* ViewController.swift */,
				433266E71EE05979002641B2 /* Assets.xcassets */,
				433266E91EE05979002641B2 /* Main.storyboard */,
				433266EC1EE05979002641B2 /* Info.plist */,
			);
			path = BluetoothTransmitter;
			sourceTree = "<group>";
		};
		43DBAEC01EE207D8007307AD /* Frameworks */ = {
			isa = PBXGroup;
			children = (
				43DBAEC11EE207D8007307AD /* CoreBluetooth.framework */,
			);
			name = Frameworks;
			sourceTree = "<group>";
		};
/* End PBXGroup section */

/* Begin PBXNativeTarget section */
		433266DF1EE05979002641B2 /* BluetoothTransmitter */ = {
			isa = PBXNativeTarget;
			buildConfigurationList = 433266EF1EE05979002641B2 /* Build configuration list for PBXNativeTarget "BluetoothTransmitter" */;
			buildPhases = (
				433266DC1EE05979002641B2 /* Sources */,
				433266DD1EE05979002641B2 /* Frameworks */,
				433266DE1EE05979002641B2 /* Resources */,
			);
			buildRules = (
			);
			dependencies = (
			);
			name = BluetoothTransmitter;
			productName = BluetoothTransmitter;
			productReference = 433266E01EE05979002641B2 /* BluetoothTransmitter.app */;
			productType = "com.apple.product-type.application";
		};
/* End PBXNativeTarget section */

/* Begin PBXProject section */
		433266D81EE05979002641B2 /* Project object */ = {
			isa = PBXProject;
			attributes = {
				LastSwiftUpdateCheck = 0830;
				LastUpgradeCheck = 0830;
				ORGANIZATIONNAME = natebirkholz;
				TargetAttributes = {
					433266DF1EE05979002641B2 = {
						CreatedOnToolsVersion = 8.3.2;
						DevelopmentTeam = 65PRBW7K5C;
						ProvisioningStyle = Automatic;
					};
				};
			};
			buildConfigurationList = 433266DB1EE05979002641B2 /* Build configuration list for PBXProject "BluetoothTransmitter" */;
			compatibilityVersion = "Xcode 3.2";
			developmentRegion = English;
			hasScannedForEncodings = 0;
			knownRegions = (
				en,
				Base,
			);
			mainGroup = 433266D71EE05979002641B2;
			productRefGroup = 433266E11EE05979002641B2 /* Products */;
			projectDirPath = "";
			projectRoot = "";
			targets = (
				433266DF1EE05979002641B2 /* BluetoothTransmitter */,
			);
		};
/* End PBXProject section */

/* Begin PBXResourcesBuildPhase section */
		433266DE1EE05979002641B2 /* Resources */ = {
			isa = PBXResourcesBuildPhase;
			buildActionMask = 2147483647;
			files = (
				433266E81EE05979002641B2 /* Assets.xcassets in Resources */,
				433266EB1EE05979002641B2 /* Main.storyboard in Resources */,
			);
			runOnlyForDeploymentPostprocessing = 0;
		};
/* End PBXResourcesBuildPhase section */

/* Begin PBXSourcesBuildPhase section */
		433266DC1EE05979002641B2 /* Sources */ = {
			isa = PBXSourcesBuildPhase;
			buildActionMask = 2147483647;
			files = (
				433266E61EE05979002641B2 /* ViewController.swift in Sources */,
				433266E41EE05979002641B2 /* AppDelegate.swift in Sources */,
			);
			runOnlyForDeploymentPostprocessing = 0;
		};
/* End PBXSourcesBuildPhase section */

/* Begin PBXVariantGroup section */
		433266E91EE05979002641B2 /* Main.storyboard */ = {
			isa = PBXVariantGroup;
			children = (
				433266EA1EE05979002641B2 /* Base */,
			);
			name = Main.storyboard;
			sourceTree = "<group>";
		};
/* End PBXVariantGroup section */

/* Begin XCBuildConfiguration section */
		433266ED1EE05979002641B2 /* Debug */ = {
			isa = XCBuildConfiguration;
			buildSettings = {
				ALWAYS_SEARCH_USER_PATHS = NO;
				CLANG_ANALYZER_NONNULL = YES;
				CLANG_ANALYZER_NUMBER_OBJECT_CONVERSION = YES_AGGRESSIVE;
				CLANG_CXX_LANGUAGE_STANDARD = "gnu++0x";
				CLANG_CXX_LIBRARY = "libc++";
				CLANG_ENABLE_MODULES = YES;
				CLANG_ENABLE_OBJC_ARC = YES;
				CLANG_WARN_BOOL_CONVERSION = YES;
				CLANG_WARN_CONSTANT_CONVERSION = YES;
				CLANG_WARN_DIRECT_OBJC_ISA_USAGE = YES_ERROR;
				CLANG_WARN_DOCUMENTATION_COMMENTS = YES;
				CLANG_WARN_EMPTY_BODY = YES;
				CLANG_WARN_ENUM_CONVERSION = YES;
				CLANG_WARN_INFINITE_RECURSION = YES;
				CLANG_WARN_INT_CONVERSION = YES;
				CLANG_WARN_OBJC_ROOT_CLASS = YES_ERROR;
				CLANG_WARN_SUSPICIOUS_MOVE = YES;
				CLANG_WARN_UNREACHABLE_CODE = YES;
				CLANG_WARN__DUPLICATE_METHOD_MATCH = YES;
				CODE_SIGN_IDENTITY = "-";
				COPY_PHASE_STRIP = NO;
				DEBUG_INFORMATION_FORMAT = dwarf;
				ENABLE_STRICT_OBJC_MSGSEND = YES;
				ENABLE_TESTABILITY = YES;
				GCC_C_LANGUAGE_STANDARD = gnu99;
				GCC_DYNAMIC_NO_PIC = NO;
				GCC_NO_COMMON_BLOCKS = YES;
				GCC_OPTIMIZATION_LEVEL = 0;
				GCC_PREPROCESSOR_DEFINITIONS = (
					"DEBUG=1",
					"$(inherited)",
				);
				GCC_WARN_64_TO_32_BIT_CONVERSION = YES;
				GCC_WARN_ABOUT_RETURN_TYPE = YES_ERROR;
				GCC_WARN_UNDECLARED_SELECTOR = YES;
				GCC_WARN_UNINITIALIZED_AUTOS = YES_AGGRESSIVE;
				GCC_WARN_UNUSED_FUNCTION = YES;
				GCC_WARN_UNUSED_VARIABLE = YES;
				MACOSX_DEPLOYMENT_TARGET = 10.12;
				MTL_ENABLE_DEBUG_INFO = YES;
				ONLY_ACTIVE_ARCH = YES;
				SDKROOT = macosx;
				SWIFT_ACTIVE_COMPILATION_CONDITIONS = DEBUG;
				SWIFT_OPTIMIZATION_LEVEL = "-Onone";
			};
			name = Debug;
		};
		433266EE1EE05979002641B2 /* Release */ = {
			isa = XCBuildConfiguration;
			buildSettings = {
				ALWAYS_SEARCH_USER_PATHS = NO;
				CLANG_ANALYZER_NONNULL = YES;
				CLANG_ANALYZER_NUMBER_OBJECT_CONVERSION = YES_AGGRESSIVE;
				CLANG_CXX_LANGUAGE_STANDARD = "gnu++0x";
				CLANG_CXX_LIBRARY = "libc++";
				CLANG_ENABLE_MODULES = YES;
				CLANG_ENABLE_OBJC_ARC = YES;
				CLANG_WARN_BOOL_CONVERSION = YES;
				CLANG_WARN_CONSTANT_CONVERSION = YES;
				CLANG_WARN_DIRECT_OBJC_ISA_USAGE = YES_ERROR;
				CLANG_WARN_DOCUMENTATION_COMMENTS = YES;
				CLANG_WARN_EMPTY_BODY = YES;
				CLANG_WARN_ENUM_CONVERSION = YES;
				CLANG_WARN_INFINITE_RECURSION = YES;
				CLANG_WARN_INT_CONVERSION = YES;
				CLANG_WARN_OBJC_ROOT_CLASS = YES_ERROR;
				CLANG_WARN_SUSPICIOUS_MOVE = YES;
				CLANG_WARN_UNREACHABLE_CODE = YES;
				CLANG_WARN__DUPLICATE_METHOD_MATCH = YES;
				CODE_SIGN_IDENTITY = "-";
				COPY_PHASE_STRIP = NO;
				DEBUG_INFORMATION_FORMAT = "dwarf-with-dsym";
				ENABLE_NS_ASSERTIONS = NO;
				ENABLE_STRICT_OBJC_MSGSEND = YES;
				GCC_C_LANGUAGE_STANDARD = gnu99;
				GCC_NO_COMMON_BLOCKS = YES;
				GCC_WARN_64_TO_32_BIT_CONVERSION = YES;
				GCC_WARN_ABOUT_RETURN_TYPE = YES_ERROR;
				GCC_WARN_UNDECLARED_SELECTOR = YES;
				GCC_WARN_UNINITIALIZED_AUTOS = YES_AGGRESSIVE;
				GCC_WARN_UNUSED_FUNCTION = YES;
				GCC_WARN_UNUSED_VARIABLE = YES;
				MACOSX_DEPLOYMENT_TARGET = 10.12;
				MTL_ENABLE_DEBUG_INFO = NO;
				SDKROOT = macosx;
				SWIFT_OPTIMIZATION_LEVEL = "-Owholemodule";
			};
			name = Release;
		};
		433266F01EE05979002641B2 /* Debug */ = {
			isa = XCBuildConfiguration;
			buildSettings = {
				ASSETCATALOG_COMPILER_APPICON_NAME = AppIcon;
				COMBINE_HIDPI_IMAGES = YES;
				DEVELOPMENT_TEAM = 65PRBW7K5C;
				INFOPLIST_FILE = BluetoothTransmitter/Info.plist;
				LD_RUNPATH_SEARCH_PATHS = "$(inherited) @executable_path/../Frameworks";
				PRODUCT_BUNDLE_IDENTIFIER = com.natebirkholz.BluetoothTransmitter;
				PRODUCT_NAME = "$(TARGET_NAME)";
				SWIFT_VERSION = 3.0;
			};
			name = Debug;
		};
		433266F11EE05979002641B2 /* Release */ = {
			isa = XCBuildConfiguration;
			buildSettings = {
				ASSETCATALOG_COMPILER_APPICON_NAME = AppIcon;
				COMBINE_HIDPI_IMAGES = YES;
				DEVELOPMENT_TEAM = 65PRBW7K5C;
				INFOPLIST_FILE = BluetoothTransmitter/Info.plist;
				LD_RUNPATH_SEARCH_PATHS = "$(inherited) @executable_path/../Frameworks";
				PRODUCT_BUNDLE_IDENTIFIER = com.natebirkholz.BluetoothTransmitter;
				PRODUCT_NAME = "$(TARGET_NAME)";
				SWIFT_VERSION = 3.0;
			};
			name = Release;
		};
/* End XCBuildConfiguration section */

/* Begin XCConfigurationList section */
		433266DB1EE05979002641B2 /* Build configuration list for PBXProject "BluetoothTransmitter" */ = {
			isa = XCConfigurationList;
			buildConfigurations = (
				433266ED1EE05979002641B2 /* Debug */,
				433266EE1EE05979002641B2 /* Release */,
			);
			defaultConfigurationIsVisible = 0;
			defaultConfigurationName = Release;
		};
		433266EF1EE05979002641B2 /* Build configuration list for PBXNativeTarget "BluetoothTransmitter" */ = {
			isa = XCConfigurationList;
			buildConfigurations = (
				433266F01EE05979002641B2 /* Debug */,
				433266F11EE05979002641B2 /* Release */,
			);
			defaultConfigurationIsVisible = 0;
			defaultConfigurationName = Release;
		};
/* End XCConfigurationList section */
	};
	rootObject = 433266D81EE05979002641B2 /* Project object */;
}
